
Microsoft Visual Studio Solution File, Format Version 12.00
# Visual Studio 14
VisualStudioVersion = 14.0.25420.1
MinimumVisualStudioVersion = 10.0.40219.1
Project("{FAE04EC0-301F-11D3-BF4B-00C04F79EFBC}") = "InspectedAssembly", "InspectedAssembly\InspectedAssembly.csproj", "{B0BED8C9-8937-4139-AF24-5F57FF971297}"
EndProject
Project("{FAE04EC0-301F-11D3-BF4B-00C04F79EFBC}") = "Inspector", "Inspector\Inspector.csproj", "{775D4DB5-362B-4181-BD21-04BD40EBF9B3}"
EndProject
Global
	GlobalSection(SolutionConfigurationPlatforms) = preSolution
		Debug|Any CPU = Debug|Any CPU
		Release|Any CPU = Release|Any CPU
	EndGlobalSection
	GlobalSection(ProjectConfigurationPlatforms) = postSolution
		{B0BED8C9-8937-4139-AF24-5F57FF971297}.Debug|Any CPU.ActiveCfg = Debug|Any CPU
		{B0BED8C9-8937-4139-AF24-5F57FF971297}.Debug|Any CPU.Build.0 = Debug|Any CPU
		{B0BED8C9-8937-4139-AF24-5F57FF971297}.Release|Any CPU.ActiveCfg = Release|Any CPU
		{B0BED8C9-8937-4139-AF24-5F57FF971297}.Release|Any CPU.Build.0 = Release|Any CPU
		{775D4DB5-362B-4181-BD21-04BD40EBF9B3}.Debug|Any CPU.ActiveCfg = Debug|Any CPU
		{775D4DB5-362B-4181-BD21-04BD40EBF9B3}.Debug|Any CPU.Build.0 = Debug|Any CPU
		{775D4DB5-362B-4181-BD21-04BD40EBF9B3}.Release|Any CPU.ActiveCfg = Release|Any CPU
		{775D4DB5-362B-4181-BD21-04BD40EBF9B3}.Release|Any CPU.Build.0 = Release|Any CPU
	EndGlobalSection
	GlobalSection(SolutionProperties) = preSolution
		HideSolutionNode = FALSE
	EndGlobalSection
EndGlobal
